
Microsoft Visual Studio Solution File, Format Version 12.00
# Visual Studio 15
VisualStudioVersion = 15.0.26730.3
MinimumVisualStudioVersion = 10.0.40219.1
Project("{2150E333-8FDC-42A3-9474-1A3956D46DE8}") = "1 - Presentation", "1 - Presentation", "{F0750D2B-2980-40AA-9B15-EADD21ADE5B1}"
EndProject
Project("{2150E333-8FDC-42A3-9474-1A3956D46DE8}") = "2 - Services", "2 - Services", "{45B2FA4E-099B-43CE-B425-D5AB88284A5C}"
EndProject
Project("{2150E333-8FDC-42A3-9474-1A3956D46DE8}") = "3 - Application", "3 - Application", "{60D8B35A-6AD7-4BBD-9149-8E153DF25404}"
EndProject
Project("{2150E333-8FDC-42A3-9474-1A3956D46DE8}") = "4 - Domain", "4 - Domain", "{5E758BBC-BCC2-4B83-B30E-B06E65681A5A}"
EndProject
Project("{2150E333-8FDC-42A3-9474-1A3956D46DE8}") = "5 - Infra", "5 - Infra", "{FB6922AD-8C8B-4617-879F-358EE4EA66A7}"
EndProject
Project("{2150E333-8FDC-42A3-9474-1A3956D46DE8}") = "5.1 - Data", "5.1 - Data", "{4347F5D3-1D38-4B47-A291-0D5D7FEC371D}"
EndProject
Project("{2150E333-8FDC-42A3-9474-1A3956D46DE8}") = "5.2 - CrossCutting", "5.2 - CrossCutting", "{2BF17D8A-CE90-450E-8870-1684BD7A220D}"
EndProject
Project("{FAE04EC0-301F-11D3-BF4B-00C04F79EFBC}") = "EP.CursoMvc.UI.Site", "src\EP.CursoMvc.UI.Site\EP.CursoMvc.UI.Site.csproj", "{5C20D252-13B0-414D-8BA5-EC1ED9653165}"
EndProject
Project("{FAE04EC0-301F-11D3-BF4B-00C04F79EFBC}") = "EP.CursoMvc.Domain", "src\EP.CursoMvc.Domain\EP.CursoMvc.Domain.csproj", "{0D72E181-AC85-4A8D-97E9-FFE14D2220ED}"
EndProject
Project("{FAE04EC0-301F-11D3-BF4B-00C04F79EFBC}") = "EP.CursoMvc.Infra.Data", "src\EP.CursoMvc.Infra.Data\EP.CursoMvc.Infra.Data.csproj", "{FDFA5A2D-19E9-4D75-AC21-44CE9B36418E}"
EndProject
Global
	GlobalSection(SolutionConfigurationPlatforms) = preSolution
		Debug|Any CPU = Debug|Any CPU
		Release|Any CPU = Release|Any CPU
	EndGlobalSection
	GlobalSection(ProjectConfigurationPlatforms) = postSolution
		{5C20D252-13B0-414D-8BA5-EC1ED9653165}.Debug|Any CPU.ActiveCfg = Debug|Any CPU
		{5C20D252-13B0-414D-8BA5-EC1ED9653165}.Debug|Any CPU.Build.0 = Debug|Any CPU
		{5C20D252-13B0-414D-8BA5-EC1ED9653165}.Release|Any CPU.ActiveCfg = Release|Any CPU
		{5C20D252-13B0-414D-8BA5-EC1ED9653165}.Release|Any CPU.Build.0 = Release|Any CPU
		{0D72E181-AC85-4A8D-97E9-FFE14D2220ED}.Debug|Any CPU.ActiveCfg = Debug|Any CPU
		{0D72E181-AC85-4A8D-97E9-FFE14D2220ED}.Debug|Any CPU.Build.0 = Debug|Any CPU
		{0D72E181-AC85-4A8D-97E9-FFE14D2220ED}.Release|Any CPU.ActiveCfg = Release|Any CPU
		{0D72E181-AC85-4A8D-97E9-FFE14D2220ED}.Release|Any CPU.Build.0 = Release|Any CPU
		{FDFA5A2D-19E9-4D75-AC21-44CE9B36418E}.Debug|Any CPU.ActiveCfg = Debug|Any CPU
		{FDFA5A2D-19E9-4D75-AC21-44CE9B36418E}.Debug|Any CPU.Build.0 = Debug|Any CPU
		{FDFA5A2D-19E9-4D75-AC21-44CE9B36418E}.Release|Any CPU.ActiveCfg = Release|Any CPU
		{FDFA5A2D-19E9-4D75-AC21-44CE9B36418E}.Release|Any CPU.Build.0 = Release|Any CPU
	EndGlobalSection
	GlobalSection(SolutionProperties) = preSolution
		HideSolutionNode = FALSE
	EndGlobalSection
	GlobalSection(NestedProjects) = preSolution
		{4347F5D3-1D38-4B47-A291-0D5D7FEC371D} = {FB6922AD-8C8B-4617-879F-358EE4EA66A7}
		{2BF17D8A-CE90-450E-8870-1684BD7A220D} = {FB6922AD-8C8B-4617-879F-358EE4EA66A7}
		{5C20D252-13B0-414D-8BA5-EC1ED9653165} = {F0750D2B-2980-40AA-9B15-EADD21ADE5B1}
		{0D72E181-AC85-4A8D-97E9-FFE14D2220ED} = {5E758BBC-BCC2-4B83-B30E-B06E65681A5A}
		{FDFA5A2D-19E9-4D75-AC21-44CE9B36418E} = {4347F5D3-1D38-4B47-A291-0D5D7FEC371D}
	EndGlobalSection
	GlobalSection(ExtensibilityGlobals) = postSolution
		SolutionGuid = {01232879-BC95-4B59-9CD3-96B607623C09}
	EndGlobalSection
EndGlobal
